// !$*UTF8*$!
{
	archiveVersion = 1;
	classes = {
	};
	objectVersion = 48;
	objects = {

/* Begin PBXBuildFile section */
		6075E76721FE6851004172FD /* AppDelegate.swift in Sources */ = {isa = PBXBuildFile; fileRef = 6075E76621FE6851004172FD /* AppDelegate.swift */; };
		6075E76921FE6851004172FD /* ViewController.swift in Sources */ = {isa = PBXBuildFile; fileRef = 6075E76821FE6851004172FD /* ViewController.swift */; };
		6075E76C21FE6851004172FD /* Main.storyboard in Resources */ = {isa = PBXBuildFile; fileRef = 6075E76A21FE6851004172FD /* Main.storyboard */; };
		6075E76E21FE6851004172FD /* Assets.xcassets in Resources */ = {isa = PBXBuildFile; fileRef = 6075E76D21FE6851004172FD /* Assets.xcassets */; };
		6075E77121FE6851004172FD /* LaunchScreen.storyboard in Resources */ = {isa = PBXBuildFile; fileRef = 6075E76F21FE6851004172FD /* LaunchScreen.storyboard */; };
		6075E77C21FE6851004172FD /* TippyTests.swift in Sources */ = {isa = PBXBuildFile; fileRef = 6075E77B21FE6851004172FD /* TippyTests.swift */; };
		6075E78721FE6851004172FD /* TippyUITests.swift in Sources */ = {isa = PBXBuildFile; fileRef = 6075E78621FE6851004172FD /* TippyUITests.swift */; };
/* End PBXBuildFile section */

/* Begin PBXContainerItemProxy section */
		6075E77821FE6851004172FD /* PBXContainerItemProxy */ = {
			isa = PBXContainerItemProxy;
			containerPortal = 6075E75B21FE6851004172FD /* Project object */;
			proxyType = 1;
			remoteGlobalIDString = 6075E76221FE6851004172FD;
			remoteInfo = Tippy;
		};
		6075E78321FE6851004172FD /* PBXContainerItemProxy */ = {
			isa = PBXContainerItemProxy;
			containerPortal = 6075E75B21FE6851004172FD /* Project object */;
			proxyType = 1;
			remoteGlobalIDString = 6075E76221FE6851004172FD;
			remoteInfo = Tippy;
		};
/* End PBXContainerItemProxy section */

/* Begin PBXFileReference section */
		6075E76321FE6851004172FD /* Tippy.app */ = {isa = PBXFileReference; explicitFileType = wrapper.application; includeInIndex = 0; path = Tippy.app; sourceTree = BUILT_PRODUCTS_DIR; };
		6075E76621FE6851004172FD /* AppDelegate.swift */ = {isa = PBXFileReference; lastKnownFileType = sourcecode.swift; path = AppDelegate.swift; sourceTree = "<group>"; };
		6075E76821FE6851004172FD /* ViewController.swift */ = {isa = PBXFileReference; lastKnownFileType = sourcecode.swift; path = ViewController.swift; sourceTree = "<group>"; };
		6075E76B21FE6851004172FD /* Base */ = {isa = PBXFileReference; lastKnownFileType = file.storyboard; name = Base; path = Base.lproj/Main.storyboard; sourceTree = "<group>"; };
		6075E76D21FE6851004172FD /* Assets.xcassets */ = {isa = PBXFileReference; lastKnownFileType = folder.assetcatalog; path = Assets.xcassets; sourceTree = "<group>"; };
		6075E77021FE6851004172FD /* Base */ = {isa = PBXFileReference; lastKnownFileType = file.storyboard; name = Base; path = Base.lproj/LaunchScreen.storyboard; sourceTree = "<group>"; };
		6075E77221FE6851004172FD /* Info.plist */ = {isa = PBXFileReference; lastKnownFileType = text.plist.xml; path = Info.plist; sourceTree = "<group>"; };
		6075E77721FE6851004172FD /* TippyTests.xctest */ = {isa = PBXFileReference; explicitFileType = wrapper.cfbundle; includeInIndex = 0; path = TippyTests.xctest; sourceTree = BUILT_PRODUCTS_DIR; };
		6075E77B21FE6851004172FD /* TippyTests.swift */ = {isa = PBXFileReference; lastKnownFileType = sourcecode.swift; path = TippyTests.swift; sourceTree = "<group>"; };
		6075E77D21FE6851004172FD /* Info.plist */ = {isa = PBXFileReference; lastKnownFileType = text.plist.xml; path = Info.plist; sourceTree = "<group>"; };
		6075E78221FE6851004172FD /* TippyUITests.xctest */ = {isa = PBXFileReference; explicitFileType = wrapper.cfbundle; includeInIndex = 0; path = TippyUITests.xctest; sourceTree = BUILT_PRODUCTS_DIR; };
		6075E78621FE6851004172FD /* TippyUITests.swift */ = {isa = PBXFileReference; lastKnownFileType = sourcecode.swift; path = TippyUITests.swift; sourceTree = "<group>"; };
		6075E78821FE6851004172FD /* Info.plist */ = {isa = PBXFileReference; lastKnownFileType = text.plist.xml; path = Info.plist; sourceTree = "<group>"; };
/* End PBXFileReference section */

/* Begin PBXFrameworksBuildPhase section */
		6075E76021FE6851004172FD /* Frameworks */ = {
			isa = PBXFrameworksBuildPhase;
			buildActionMask = 2147483647;
			files = (
			);
			runOnlyForDeploymentPostprocessing = 0;
		};
		6075E77421FE6851004172FD /* Frameworks */ = {
			isa = PBXFrameworksBuildPhase;
			buildActionMask = 2147483647;
			files = (
			);
			runOnlyForDeploymentPostprocessing = 0;
		};
		6075E77F21FE6851004172FD /* Frameworks */ = {
			isa = PBXFrameworksBuildPhase;
			buildActionMask = 2147483647;
			files = (
			);
			runOnlyForDeploymentPostprocessing = 0;
		};
/* End PBXFrameworksBuildPhase section */

/* Begin PBXGroup section */
		6075E75A21FE6851004172FD = {
			isa = PBXGroup;
			children = (
				6075E76521FE6851004172FD /* Tippy */,
				6075E77A21FE6851004172FD /* TippyTests */,
				6075E78521FE6851004172FD /* TippyUITests */,
				6075E76421FE6851004172FD /* Products */,
			);
			sourceTree = "<group>";
		};
		6075E76421FE6851004172FD /* Products */ = {
			isa = PBXGroup;
			children = (
				6075E76321FE6851004172FD /* Tippy.app */,
				6075E77721FE6851004172FD /* TippyTests.xctest */,
				6075E78221FE6851004172FD /* TippyUITests.xctest */,
			);
			name = Products;
			sourceTree = "<group>";
		};
		6075E76521FE6851004172FD /* Tippy */ = {
			isa = PBXGroup;
			children = (
				6075E76621FE6851004172FD /* AppDelegate.swift */,
				6075E76821FE6851004172FD /* ViewController.swift */,
				6075E76A21FE6851004172FD /* Main.storyboard */,
				6075E76D21FE6851004172FD /* Assets.xcassets */,
				6075E76F21FE6851004172FD /* LaunchScreen.storyboard */,
				6075E77221FE6851004172FD /* Info.plist */,
			);
			path = Tippy;
			sourceTree = "<group>";
		};
		6075E77A21FE6851004172FD /* TippyTests */ = {
			isa = PBXGroup;
			children = (
				6075E77B21FE6851004172FD /* TippyTests.swift */,
				6075E77D21FE6851004172FD /* Info.plist */,
			);
			path = TippyTests;
			sourceTree = "<group>";
		};
		6075E78521FE6851004172FD /* TippyUITests */ = {
			isa = PBXGroup;
			children = (
				6075E78621FE6851004172FD /* TippyUITests.swift */,
				6075E78821FE6851004172FD /* Info.plist */,
			);
			path = TippyUITests;
			sourceTree = "<group>";
		};
/* End PBXGroup section */

/* Begin PBXNativeTarget section */
		6075E76221FE6851004172FD /* Tippy */ = {
			isa = PBXNativeTarget;
			buildConfigurationList = 6075E78B21FE6851004172FD /* Build configuration list for PBXNativeTarget "Tippy" */;
			buildPhases = (
				6075E75F21FE6851004172FD /* Sources */,
				6075E76021FE6851004172FD /* Frameworks */,
				6075E76121FE6851004172FD /* Resources */,
			);
			buildRules = (
			);
			dependencies = (
			);
			name = Tippy;
			productName = Tippy;
			productReference = 6075E76321FE6851004172FD /* Tippy.app */;
			productType = "com.apple.product-type.application";
		};
		6075E77621FE6851004172FD /* TippyTests */ = {
			isa = PBXNativeTarget;
			buildConfigurationList = 6075E78E21FE6851004172FD /* Build configuration list for PBXNativeTarget "TippyTests" */;
			buildPhases = (
				6075E77321FE6851004172FD /* Sources */,
				6075E77421FE6851004172FD /* Frameworks */,
				6075E77521FE6851004172FD /* Resources */,
			);
			buildRules = (
			);
			dependencies = (
				6075E77921FE6851004172FD /* PBXTargetDependency */,
			);
			name = TippyTests;
			productName = TippyTests;
			productReference = 6075E77721FE6851004172FD /* TippyTests.xctest */;
			productType = "com.apple.product-type.bundle.unit-test";
		};
		6075E78121FE6851004172FD /* TippyUITests */ = {
			isa = PBXNativeTarget;
			buildConfigurationList = 6075E79121FE6851004172FD /* Build configuration list for PBXNativeTarget "TippyUITests" */;
			buildPhases = (
				6075E77E21FE6851004172FD /* Sources */,
				6075E77F21FE6851004172FD /* Frameworks */,
				6075E78021FE6851004172FD /* Resources */,
			);
			buildRules = (
			);
			dependencies = (
				6075E78421FE6851004172FD /* PBXTargetDependency */,
			);
			name = TippyUITests;
			productName = TippyUITests;
			productReference = 6075E78221FE6851004172FD /* TippyUITests.xctest */;
			productType = "com.apple.product-type.bundle.ui-testing";
		};
/* End PBXNativeTarget section */

/* Begin PBXProject section */
		6075E75B21FE6851004172FD /* Project object */ = {
			isa = PBXProject;
			attributes = {
				LastSwiftUpdateCheck = 0910;
				LastUpgradeCheck = 0910;
				ORGANIZATIONNAME = harsh;
				TargetAttributes = {
					6075E76221FE6851004172FD = {
						CreatedOnToolsVersion = 9.1;
						ProvisioningStyle = Automatic;
					};
					6075E77621FE6851004172FD = {
						CreatedOnToolsVersion = 9.1;
						ProvisioningStyle = Automatic;
						TestTargetID = 6075E76221FE6851004172FD;
					};
					6075E78121FE6851004172FD = {
						CreatedOnToolsVersion = 9.1;
						ProvisioningStyle = Automatic;
						TestTargetID = 6075E76221FE6851004172FD;
					};
				};
			};
			buildConfigurationList = 6075E75E21FE6851004172FD /* Build configuration list for PBXProject "Tippy" */;
			compatibilityVersion = "Xcode 8.0";
			developmentRegion = en;
			hasScannedForEncodings = 0;
			knownRegions = (
				en,
				Base,
			);
			mainGroup = 6075E75A21FE6851004172FD;
			productRefGroup = 6075E76421FE6851004172FD /* Products */;
			projectDirPath = "";
			projectRoot = "";
			targets = (
				6075E76221FE6851004172FD /* Tippy */,
				6075E77621FE6851004172FD /* TippyTests */,
				6075E78121FE6851004172FD /* TippyUITests */,
			);
		};
/* End PBXProject section */

/* Begin PBXResourcesBuildPhase section */
		6075E76121FE6851004172FD /* Resources */ = {
			isa = PBXResourcesBuildPhase;
			buildActionMask = 2147483647;
			files = (
				6075E77121FE6851004172FD /* LaunchScreen.storyboard in Resources */,
				6075E76E21FE6851004172FD /* Assets.xcassets in Resources */,
				6075E76C21FE6851004172FD /* Main.storyboard in Resources */,
			);
			runOnlyForDeploymentPostprocessing = 0;
		};
		6075E77521FE6851004172FD /* Resources */ = {
			isa = PBXResourcesBuildPhase;
			buildActionMask = 2147483647;
			files = (
			);
			runOnlyForDeploymentPostprocessing = 0;
		};
		6075E78021FE6851004172FD /* Resources */ = {
			isa = PBXResourcesBuildPhase;
			buildActionMask = 2147483647;
			files = (
			);
			runOnlyForDeploymentPostprocessing = 0;
		};
/* End PBXResourcesBuildPhase section */

/* Begin PBXSourcesBuildPhase section */
		6075E75F21FE6851004172FD /* Sources */ = {
			isa = PBXSourcesBuildPhase;
			buildActionMask = 2147483647;
			files = (
				6075E76921FE6851004172FD /* ViewController.swift in Sources */,
				6075E76721FE6851004172FD /* AppDelegate.swift in Sources */,
			);
			runOnlyForDeploymentPostprocessing = 0;
		};
		6075E77321FE6851004172FD /* Sources */ = {
			isa = PBXSourcesBuildPhase;
			buildActionMask = 2147483647;
			files = (
				6075E77C21FE6851004172FD /* TippyTests.swift in Sources */,
			);
			runOnlyForDeploymentPostprocessing = 0;
		};
		6075E77E21FE6851004172FD /* Sources */ = {
			isa = PBXSourcesBuildPhase;
			buildActionMask = 2147483647;
			files = (
				6075E78721FE6851004172FD /* TippyUITests.swift in Sources */,
			);
			runOnlyForDeploymentPostprocessing = 0;
		};
/* End PBXSourcesBuildPhase section */

/* Begin PBXTargetDependency section */
		6075E77921FE6851004172FD /* PBXTargetDependency */ = {
			isa = PBXTargetDependency;
			target = 6075E76221FE6851004172FD /* Tippy */;
			targetProxy = 6075E77821FE6851004172FD /* PBXContainerItemProxy */;
		};
		6075E78421FE6851004172FD /* PBXTargetDependency */ = {
			isa = PBXTargetDependency;
			target = 6075E76221FE6851004172FD /* Tippy */;
			targetProxy = 6075E78321FE6851004172FD /* PBXContainerItemProxy */;
		};
/* End PBXTargetDependency section */

/* Begin PBXVariantGroup section */
		6075E76A21FE6851004172FD /* Main.storyboard */ = {
			isa = PBXVariantGroup;
			children = (
				6075E76B21FE6851004172FD /* Base */,
			);
			name = Main.storyboard;
			sourceTree = "<group>";
		};
		6075E76F21FE6851004172FD /* LaunchScreen.storyboard */ = {
			isa = PBXVariantGroup;
			children = (
				6075E77021FE6851004172FD /* Base */,
			);
			name = LaunchScreen.storyboard;
			sourceTree = "<group>";
		};
/* End PBXVariantGroup section */

/* Begin XCBuildConfiguration section */
		6075E78921FE6851004172FD /* Debug */ = {
			isa = XCBuildConfiguration;
			buildSettings = {
				ALWAYS_SEARCH_USER_PATHS = NO;
				CLANG_ANALYZER_NONNULL = YES;
				CLANG_ANALYZER_NUMBER_OBJECT_CONVERSION = YES_AGGRESSIVE;
				CLANG_CXX_LANGUAGE_STANDARD = "gnu++14";
				CLANG_CXX_LIBRARY = "libc++";
				CLANG_ENABLE_MODULES = YES;
				CLANG_ENABLE_OBJC_ARC = YES;
				CLANG_WARN_BLOCK_CAPTURE_AUTORELEASING = YES;
				CLANG_WARN_BOOL_CONVERSION = YES;
				CLANG_WARN_COMMA = YES;
				CLANG_WARN_CONSTANT_CONVERSION = YES;
				CLANG_WARN_DIRECT_OBJC_ISA_USAGE = YES_ERROR;
				CLANG_WARN_DOCUMENTATION_COMMENTS = YES;
				CLANG_WARN_EMPTY_BODY = YES;
				CLANG_WARN_ENUM_CONVERSION = YES;
				CLANG_WARN_INFINITE_RECURSION = YES;
				CLANG_WARN_INT_CONVERSION = YES;
				CLANG_WARN_NON_LITERAL_NULL_CONVERSION = YES;
				CLANG_WARN_OBJC_LITERAL_CONVERSION = YES;
				CLANG_WARN_OBJC_ROOT_CLASS = YES_ERROR;
				CLANG_WARN_RANGE_LOOP_ANALYSIS = YES;
				CLANG_WARN_STRICT_PROTOTYPES = YES;
				CLANG_WARN_SUSPICIOUS_MOVE = YES;
				CLANG_WARN_UNGUARDED_AVAILABILITY = YES_AGGRESSIVE;
				CLANG_WARN_UNREACHABLE_CODE = YES;
				CLANG_WARN__DUPLICATE_METHOD_MATCH = YES;
				CODE_SIGN_IDENTITY = "iPhone Developer";
				COPY_PHASE_STRIP = NO;
				DEBUG_INFORMATION_FORMAT = dwarf;
				ENABLE_STRICT_OBJC_MSGSEND = YES;
				ENABLE_TESTABILITY = YES;
				GCC_C_LANGUAGE_STANDARD = gnu11;
				GCC_DYNAMIC_NO_PIC = NO;
				GCC_NO_COMMON_BLOCKS = YES;
				GCC_OPTIMIZATION_LEVEL = 0;
				GCC_PREPROCESSOR_DEFINITIONS = (
					"DEBUG=1",
					"$(inherited)",
				);
				GCC_WARN_64_TO_32_BIT_CONVERSION = YES;
				GCC_WARN_ABOUT_RETURN_TYPE = YES_ERROR;
				GCC_WARN_UNDECLARED_SELECTOR = YES;
				GCC_WARN_UNINITIALIZED_AUTOS = YES_AGGRESSIVE;
				GCC_WARN_UNUSED_FUNCTION = YES;
				GCC_WARN_UNUSED_VARIABLE = YES;
				IPHONEOS_DEPLOYMENT_TARGET = 11.1;
				MTL_ENABLE_DEBUG_INFO = YES;
				ONLY_ACTIVE_ARCH = YES;
				SDKROOT = iphoneos;
				SWIFT_ACTIVE_COMPILATION_CONDITIONS = DEBUG;
				SWIFT_OPTIMIZATION_LEVEL = "-Onone";
			};
			name = Debug;
		};
		6075E78A21FE6851004172FD /* Release */ = {
			isa = XCBuildConfiguration;
			buildSettings = {
				ALWAYS_SEARCH_USER_PATHS = NO;
				CLANG_ANALYZER_NONNULL = YES;
				CLANG_ANALYZER_NUMBER_OBJECT_CONVERSION = YES_AGGRESSIVE;
				CLANG_CXX_LANGUAGE_STANDARD = "gnu++14";
				CLANG_CXX_LIBRARY = "libc++";
				CLANG_ENABLE_MODULES = YES;
				CLANG_ENABLE_OBJC_ARC = YES;
				CLANG_WARN_BLOCK_CAPTURE_AUTORELEASING = YES;
				CLANG_WARN_BOOL_CONVERSION = YES;
				CLANG_WARN_COMMA = YES;
				CLANG_WARN_CONSTANT_CONVERSION = YES;
				CLANG_WARN_DIRECT_OBJC_ISA_USAGE = YES_ERROR;
				CLANG_WARN_DOCUMENTATION_COMMENTS = YES;
				CLANG_WARN_EMPTY_BODY = YES;
				CLANG_WARN_ENUM_CONVERSION = YES;
				CLANG_WARN_INFINITE_RECURSION = YES;
				CLANG_WARN_INT_CONVERSION = YES;
				CLANG_WARN_NON_LITERAL_NULL_CONVERSION = YES;
				CLANG_WARN_OBJC_LITERAL_CONVERSION = YES;
				CLANG_WARN_OBJC_ROOT_CLASS = YES_ERROR;
				CLANG_WARN_RANGE_LOOP_ANALYSIS = YES;
				CLANG_WARN_STRICT_PROTOTYPES = YES;
				CLANG_WARN_SUSPICIOUS_MOVE = YES;
				CLANG_WARN_UNGUARDED_AVAILABILITY = YES_AGGRESSIVE;
				CLANG_WARN_UNREACHABLE_CODE = YES;
				CLANG_WARN__DUPLICATE_METHOD_MATCH = YES;
				CODE_SIGN_IDENTITY = "iPhone Developer";
				COPY_PHASE_STRIP = NO;
				DEBUG_INFORMATION_FORMAT = "dwarf-with-dsym";
				ENABLE_NS_ASSERTIONS = NO;
				ENABLE_STRICT_OBJC_MSGSEND = YES;
				GCC_C_LANGUAGE_STANDARD = gnu11;
				GCC_NO_COMMON_BLOCKS = YES;
				GCC_WARN_64_TO_32_BIT_CONVERSION = YES;
				GCC_WARN_ABOUT_RETURN_TYPE = YES_ERROR;
				GCC_WARN_UNDECLARED_SELECTOR = YES;
				GCC_WARN_UNINITIALIZED_AUTOS = YES_AGGRESSIVE;
				GCC_WARN_UNUSED_FUNCTION = YES;
				GCC_WARN_UNUSED_VARIABLE = YES;
				IPHONEOS_DEPLOYMENT_TARGET = 11.1;
				MTL_ENABLE_DEBUG_INFO = NO;
				SDKROOT = iphoneos;
				SWIFT_OPTIMIZATION_LEVEL = "-Owholemodule";
				VALIDATE_PRODUCT = YES;
			};
			name = Release;
		};
		6075E78C21FE6851004172FD /* Debug */ = {
			isa = XCBuildConfiguration;
			buildSettings = {
				ASSETCATALOG_COMPILER_APPICON_NAME = AppIcon;
				CODE_SIGN_STYLE = Automatic;
				DEVELOPMENT_TEAM = 8Z73XVF6CW;
				INFOPLIST_FILE = Tippy/Info.plist;
				LD_RUNPATH_SEARCH_PATHS = "$(inherited) @executable_path/Frameworks";
				PRODUCT_BUNDLE_IDENTIFIER = com.harsh.Tippy;
				PRODUCT_NAME = "$(TARGET_NAME)";
				SWIFT_VERSION = 4.0;
				TARGETED_DEVICE_FAMILY = "1,2";
			};
			name = Debug;
		};
		6075E78D21FE6851004172FD /* Release */ = {
			isa = XCBuildConfiguration;
			buildSettings = {
				ASSETCATALOG_COMPILER_APPICON_NAME = AppIcon;
				CODE_SIGN_STYLE = Automatic;
				DEVELOPMENT_TEAM = 8Z73XVF6CW;
				INFOPLIST_FILE = Tippy/Info.plist;
				LD_RUNPATH_SEARCH_PATHS = "$(inherited) @executable_path/Frameworks";
				PRODUCT_BUNDLE_IDENTIFIER = com.harsh.Tippy;
				PRODUCT_NAME = "$(TARGET_NAME)";
				SWIFT_VERSION = 4.0;
				TARGETED_DEVICE_FAMILY = "1,2";
			};
			name = Release;
		};
		6075E78F21FE6851004172FD /* Debug */ = {
			isa = XCBuildConfiguration;
			buildSettings = {
				ALWAYS_EMBED_SWIFT_STANDARD_LIBRARIES = YES;
				BUNDLE_LOADER = "$(TEST_HOST)";
				CODE_SIGN_STYLE = Automatic;
				DEVELOPMENT_TEAM = 8Z73XVF6CW;
				INFOPLIST_FILE = TippyTests/Info.plist;
				LD_RUNPATH_SEARCH_PATHS = "$(inherited) @executable_path/Frameworks @loader_path/Frameworks";
				PRODUCT_BUNDLE_IDENTIFIER = com.harsh.TippyTests;
				PRODUCT_NAME = "$(TARGET_NAME)";
				SWIFT_VERSION = 4.0;
				TARGETED_DEVICE_FAMILY = "1,2";
				TEST_HOST = "$(BUILT_PRODUCTS_DIR)/Tippy.app/Tippy";
			};
			name = Debug;
		};
		6075E79021FE6851004172FD /* Release */ = {
			isa = XCBuildConfiguration;
			buildSettings = {
				ALWAYS_EMBED_SWIFT_STANDARD_LIBRARIES = YES;
				BUNDLE_LOADER = "$(TEST_HOST)";
				CODE_SIGN_STYLE = Automatic;
				DEVELOPMENT_TEAM = 8Z73XVF6CW;
				INFOPLIST_FILE = TippyTests/Info.plist;
				LD_RUNPATH_SEARCH_PATHS = "$(inherited) @executable_path/Frameworks @loader_path/Frameworks";
				PRODUCT_BUNDLE_IDENTIFIER = com.harsh.TippyTests;
				PRODUCT_NAME = "$(TARGET_NAME)";
				SWIFT_VERSION = 4.0;
				TARGETED_DEVICE_FAMILY = "1,2";
				TEST_HOST = "$(BUILT_PRODUCTS_DIR)/Tippy.app/Tippy";
			};
			name = Release;
		};
		6075E79221FE6851004172FD /* Debug */ = {
			isa = XCBuildConfiguration;
			buildSettings = {
				ALWAYS_EMBED_SWIFT_STANDARD_LIBRARIES = YES;
				CODE_SIGN_STYLE = Automatic;
				DEVELOPMENT_TEAM = 8Z73XVF6CW;
				INFOPLIST_FILE = TippyUITests/Info.plist;
				LD_RUNPATH_SEARCH_PATHS = "$(inherited) @executable_path/Frameworks @loader_path/Frameworks";
				PRODUCT_BUNDLE_IDENTIFIER = com.harsh.TippyUITests;
				PRODUCT_NAME = "$(TARGET_NAME)";
				SWIFT_VERSION = 4.0;
				TARGETED_DEVICE_FAMILY = "1,2";
				TEST_TARGET_NAME = Tippy;
			};
			name = Debug;
		};
		6075E79321FE6851004172FD /* Release */ = {
			isa = XCBuildConfiguration;
			buildSettings = {
				ALWAYS_EMBED_SWIFT_STANDARD_LIBRARIES = YES;
				CODE_SIGN_STYLE = Automatic;
				DEVELOPMENT_TEAM = 8Z73XVF6CW;
				INFOPLIST_FILE = TippyUITests/Info.plist;
				LD_RUNPATH_SEARCH_PATHS = "$(inherited) @executable_path/Frameworks @loader_path/Frameworks";
				PRODUCT_BUNDLE_IDENTIFIER = com.harsh.TippyUITests;
				PRODUCT_NAME = "$(TARGET_NAME)";
				SWIFT_VERSION = 4.0;
				TARGETED_DEVICE_FAMILY = "1,2";
				TEST_TARGET_NAME = Tippy;
			};
			name = Release;
		};
/* End XCBuildConfiguration section */

/* Begin XCConfigurationList section */
		6075E75E21FE6851004172FD /* Build configuration list for PBXProject "Tippy" */ = {
			isa = XCConfigurationList;
			buildConfigurations = (
				6075E78921FE6851004172FD /* Debug */,
				6075E78A21FE6851004172FD /* Release */,
			);
			defaultConfigurationIsVisible = 0;
			defaultConfigurationName = Release;
		};
		6075E78B21FE6851004172FD /* Build configuration list for PBXNativeTarget "Tippy" */ = {
			isa = XCConfigurationList;
			buildConfigurations = (
				6075E78C21FE6851004172FD /* Debug */,
				6075E78D21FE6851004172FD /* Release */,
			);
			defaultConfigurationIsVisible = 0;
			defaultConfigurationName = Release;
		};
		6075E78E21FE6851004172FD /* Build configuration list for PBXNativeTarget "TippyTests" */ = {
			isa = XCConfigurationList;
			buildConfigurations = (
				6075E78F21FE6851004172FD /* Debug */,
				6075E79021FE6851004172FD /* Release */,
			);
			defaultConfigurationIsVisible = 0;
			defaultConfigurationName = Release;
		};
		6075E79121FE6851004172FD /* Build configuration list for PBXNativeTarget "TippyUITests" */ = {
			isa = XCConfigurationList;
			buildConfigurations = (
				6075E79221FE6851004172FD /* Debug */,
				6075E79321FE6851004172FD /* Release */,
			);
			defaultConfigurationIsVisible = 0;
			defaultConfigurationName = Release;
		};
/* End XCConfigurationList section */
	};
	rootObject = 6075E75B21FE6851004172FD /* Project object */;
}
